
Microsoft Visual Studio Solution File, Format Version 12.00
# Visual Studio Version 16
VisualStudioVersion = 16.0.32407.337
MinimumVisualStudioVersion = 10.0.40219.1
Project("{9A19103F-16F7-4668-BE54-9A1E7A4F7556}") = "PacmanConsole", "PacmanConsole\PacmanConsole.csproj", "{E616A04C-117B-4514-B0BD-35F20628A2C3}"
EndProject
Project("{9A19103F-16F7-4668-BE54-9A1E7A4F7556}") = "PacmanEngine", "PacmanEngine\PacmanEngine.csproj", "{0C2F00B7-ACD0-4AD6-9D67-D296FAEE2747}"
EndProject
Project("{9A19103F-16F7-4668-BE54-9A1E7A4F7556}") = "PacmanWinforms", "PacmanWinforms\PacmanWinforms.csproj", "{4B49F8B3-02C4-410E-8EC5-596364A318B4}"
EndProject
Global
	GlobalSection(SolutionConfigurationPlatforms) = preSolution
		Debug|Any CPU = Debug|Any CPU
		Release|Any CPU = Release|Any CPU
	EndGlobalSection
	GlobalSection(ProjectConfigurationPlatforms) = postSolution
		{E616A04C-117B-4514-B0BD-35F20628A2C3}.Debug|Any CPU.ActiveCfg = Debug|Any CPU
		{E616A04C-117B-4514-B0BD-35F20628A2C3}.Debug|Any CPU.Build.0 = Debug|Any CPU
		{E616A04C-117B-4514-B0BD-35F20628A2C3}.Release|Any CPU.ActiveCfg = Release|Any CPU
		{E616A04C-117B-4514-B0BD-35F20628A2C3}.Release|Any CPU.Build.0 = Release|Any CPU
		{0C2F00B7-ACD0-4AD6-9D67-D296FAEE2747}.Debug|Any CPU.ActiveCfg = Debug|Any CPU
		{0C2F00B7-ACD0-4AD6-9D67-D296FAEE2747}.Debug|Any CPU.Build.0 = Debug|Any CPU
		{0C2F00B7-ACD0-4AD6-9D67-D296FAEE2747}.Release|Any CPU.ActiveCfg = Release|Any CPU
		{0C2F00B7-ACD0-4AD6-9D67-D296FAEE2747}.Release|Any CPU.Build.0 = Release|Any CPU
		{4B49F8B3-02C4-410E-8EC5-596364A318B4}.Debug|Any CPU.ActiveCfg = Debug|Any CPU
		{4B49F8B3-02C4-410E-8EC5-596364A318B4}.Debug|Any CPU.Build.0 = Debug|Any CPU
		{4B49F8B3-02C4-410E-8EC5-596364A318B4}.Release|Any CPU.ActiveCfg = Release|Any CPU
		{4B49F8B3-02C4-410E-8EC5-596364A318B4}.Release|Any CPU.Build.0 = Release|Any CPU
	EndGlobalSection
	GlobalSection(SolutionProperties) = preSolution
		HideSolutionNode = FALSE
	EndGlobalSection
	GlobalSection(ExtensibilityGlobals) = postSolution
		SolutionGuid = {7AB788CB-44C9-40B9-BD4B-77EBAAADFB9F}
	EndGlobalSection
EndGlobal
